
Microsoft Visual Studio Solution File, Format Version 12.00
# Visual Studio Version 17
VisualStudioVersion = 17.0.31903.59
MinimumVisualStudioVersion = 10.0.40219.1
Project("{FAE04EC0-301F-11D3-BF4B-00C04F79EFBC}") = "Aplicacion", "Aplicacion\Aplicacion.csproj", "{059A05A9-5677-4A44-9759-D13D9E54AF3D}"
EndProject
Project("{FAE04EC0-301F-11D3-BF4B-00C04F79EFBC}") = "Persistencia", "Persistencia\Persistencia.csproj", "{5359E2FE-F03A-4173-8588-B252CA4B6CCF}"
EndProject
Project("{FAE04EC0-301F-11D3-BF4B-00C04F79EFBC}") = "Tests", "Tests\Tests.csproj", "{F487621B-3088-4682-889F-6473684089E1}"
EndProject
Global
	GlobalSection(SolutionConfigurationPlatforms) = preSolution
		Debug|Any CPU = Debug|Any CPU
		Release|Any CPU = Release|Any CPU
	EndGlobalSection
	GlobalSection(SolutionProperties) = preSolution
		HideSolutionNode = FALSE
	EndGlobalSection
	GlobalSection(ProjectConfigurationPlatforms) = postSolution
		{059A05A9-5677-4A44-9759-D13D9E54AF3D}.Debug|Any CPU.ActiveCfg = Debug|Any CPU
		{059A05A9-5677-4A44-9759-D13D9E54AF3D}.Debug|Any CPU.Build.0 = Debug|Any CPU
		{059A05A9-5677-4A44-9759-D13D9E54AF3D}.Release|Any CPU.ActiveCfg = Release|Any CPU
		{059A05A9-5677-4A44-9759-D13D9E54AF3D}.Release|Any CPU.Build.0 = Release|Any CPU
		{5359E2FE-F03A-4173-8588-B252CA4B6CCF}.Debug|Any CPU.ActiveCfg = Debug|Any CPU
		{5359E2FE-F03A-4173-8588-B252CA4B6CCF}.Debug|Any CPU.Build.0 = Debug|Any CPU
		{5359E2FE-F03A-4173-8588-B252CA4B6CCF}.Release|Any CPU.ActiveCfg = Release|Any CPU
		{5359E2FE-F03A-4173-8588-B252CA4B6CCF}.Release|Any CPU.Build.0 = Release|Any CPU
		{F487621B-3088-4682-889F-6473684089E1}.Debug|Any CPU.ActiveCfg = Debug|Any CPU
		{F487621B-3088-4682-889F-6473684089E1}.Debug|Any CPU.Build.0 = Debug|Any CPU
		{F487621B-3088-4682-889F-6473684089E1}.Release|Any CPU.ActiveCfg = Release|Any CPU
		{F487621B-3088-4682-889F-6473684089E1}.Release|Any CPU.Build.0 = Release|Any CPU
	EndGlobalSection
EndGlobal
